lockfileVersion: '9.0'

settings:
  autoInstallPeers: true
  excludeLinksFromLockfile: false

importers:
  .:
    dependencies:
      mitata:
        specifier: 1.0.34
        version: 1.0.34
      prettier:
        specifier: 3.6.2
        version: 3.6.2

packages:
  mitata@1.0.34:
    resolution:
      {
        integrity: sha512-Mc3zrtNBKIMeHSCQ0XqRLo1vbdIx1wvFV9c8NJAiyho6AjNfMY8bVhbS12bwciUdd1t4rj8099CH3N3NFahaUA==
      }

  prettier@3.6.2:
    resolution:
      {
        integrity: sha512-I7AIg5boAr5R0FFtJ6rCfD+LFsWHp81dolrFD8S79U9tb8Az2nGrJncnMSnys+bpQJfRUzqs9hnA81OAA3hCuQ==
      }
    engines: { node: '>=14' }
    hasBin: true

snapshots:
  mitata@1.0.34: {}

  prettier@3.6.2: {}
